PODS:
  - ObjectMapper (1.4.0)
  - SwiftWebSocket (2.6.3)

DEPENDENCIES:
  - ObjectMapper
  - SwiftWebSocket

SPEC CHECKSUMS:
  ObjectMapper: a07ad0462c5adf014adc0f89ef04c29b626e855e
  SwiftWebSocket: 76e3ade5d716a80440dbf859b39b05d842f80d03

PODFILE CHECKSUM: f8a4de16b9721df6d1ffb8b05ee0dc1cc6440c53

COCOAPODS: 1.0.1
