PODS:
  - HockeySDK (4.1.1):
    - HockeySDK/DefaultLib (= 4.1.1)
  - HockeySDK/DefaultLib (4.1.1)
  - SocketRocket (0.5.1)

DEPENDENCIES:
  - HockeySDK (~> 4.1.1)
  - SocketRocket

SPEC CHECKSUMS:
  HockeySDK: 364679ba00f3447d014dd75cac57e59cc2574318
  SocketRocket: d57c7159b83c3c6655745cd15302aa24b6bae531

PODFILE CHECKSUM: e52ae3634dbca59520bf14d129254b64bf168f43

COCOAPODS: 1.0.1
