PODS:
  - HockeySDK (5.1.4):
    - HockeySDK/DefaultLib (= 5.1.4)
  - HockeySDK-Mac (5.1.1)
  - HockeySDK/DefaultLib (5.1.4)
  - SocketRocket (0.5.1)
  - SwiftProtobuf (0.9.905)
  - Zip (0.8.0)

DEPENDENCIES:
  - HockeySDK
  - HockeySDK-Mac
  - SocketRocket
  - SwiftProtobuf (~> 0.9.903)
  - Zip (~> 0.7)

SPEC REPOS:
  https://github.com/cocoapods/specs.git:
    - HockeySDK
    - HockeySDK-Mac
    - SocketRocket
    - SwiftProtobuf
    - Zip

SPEC CHECKSUMS:
  HockeySDK: 15afe6bc0a5bfe3a531fd73dbf082095f37dac3b
  HockeySDK-Mac: 59e49aca86e4ee22c5c6ccc2d66771cfd6087f48
  SocketRocket: d57c7159b83c3c6655745cd15302aa24b6bae531
  SwiftProtobuf: 9dfa3d4109cf844241d5d055885d5c24cfa9ccdc
  Zip: bb7d8370de00e50699633d91e03f2ec84f1ee437

PODFILE CHECKSUM: 494cfef4157635c90c5346890c1a7d5e34f0e984

COCOAPODS: 1.5.3
